// !$*UTF8*$!
{
	archiveVersion = 1;
	classes = {
	};
	objectVersion = 50;
	objects = {

/* Begin PBXBuildFile section */
		09CCC18A24672D0100F3ADD8 /* AppDelegate.swift in Sources */ = {isa = PBXBuildFile; fileRef = 09CCC18924672D0100F3ADD8 /* AppDelegate.swift */; };
		09CCC18C24672D0100F3ADD8 /* SceneDelegate.swift in Sources */ = {isa = PBXBuildFile; fileRef = 09CCC18B24672D0100F3ADD8 /* SceneDelegate.swift */; };
		09CCC18E24672D0100F3ADD8 /* TicTacToeView.swift in Sources */ = {isa = PBXBuildFile; fileRef = 09CCC18D24672D0100F3ADD8 /* TicTacToeView.swift */; };
		09CCC19024672D0300F3ADD8 /* Assets.xcassets in Resources */ = {isa = PBXBuildFile; fileRef = 09CCC18F24672D0300F3ADD8 /* Assets.xcassets */; };
		09CCC19324672D0300F3ADD8 /* Preview Assets.xcassets in Resources */ = {isa = PBXBuildFile; fileRef = 09CCC19224672D0300F3ADD8 /* Preview Assets.xcassets */; };
		09CCC19624672D0300F3ADD8 /* LaunchScreen.storyboard in Resources */ = {isa = PBXBuildFile; fileRef = 09CCC19424672D0300F3ADD8 /* LaunchScreen.storyboard */; };
		09CCC1A02468291C00F3ADD8 /* PhantomFromSpace.mp3 in Resources */ = {isa = PBXBuildFile; fileRef = 09CCC19F2468291C00F3ADD8 /* PhantomFromSpace.mp3 */; };
/* End PBXBuildFile section */

/* Begin PBXFileReference section */
		09CCC18624672D0100F3ADD8 /* SWIFTUI P5.app */ = {isa = PBXFileReference; explicitFileType = wrapper.application; includeInIndex = 0; path = "SWIFTUI P5.app"; sourceTree = BUILT_PRODUCTS_DIR; };
		09CCC18924672D0100F3ADD8 /* AppDelegate.swift */ = {isa = PBXFileReference; lastKnownFileType = sourcecode.swift; path = AppDelegate.swift; sourceTree = "<group>"; };
		09CCC18B24672D0100F3ADD8 /* SceneDelegate.swift */ = {isa = PBXFileReference; lastKnownFileType = sourcecode.swift; path = SceneDelegate.swift; sourceTree = "<group>"; };
		09CCC18D24672D0100F3ADD8 /* TicTacToeView.swift */ = {isa = PBXFileReference; lastKnownFileType = sourcecode.swift; path = TicTacToeView.swift; sourceTree = "<group>"; };
		09CCC18F24672D0300F3ADD8 /* Assets.xcassets */ = {isa = PBXFileReference; lastKnownFileType = folder.assetcatalog; path = Assets.xcassets; sourceTree = "<group>"; };
		09CCC19224672D0300F3ADD8 /* Preview Assets.xcassets */ = {isa = PBXFileReference; lastKnownFileType = folder.assetcatalog; path = "Preview Assets.xcassets"; sourceTree = "<group>"; };
		09CCC19524672D0300F3ADD8 /* Base */ = {isa = PBXFileReference; lastKnownFileType = file.storyboard; name = Base; path = Base.lproj/LaunchScreen.storyboard; sourceTree = "<group>"; };
		09CCC19724672D0300F3ADD8 /* Info.plist */ = {isa = PBXFileReference; lastKnownFileType = text.plist.xml; path = Info.plist; sourceTree = "<group>"; };
		09CCC19F2468291C00F3ADD8 /* PhantomFromSpace.mp3 */ = {isa = PBXFileReference; lastKnownFileType = audio.mp3; name = PhantomFromSpace.mp3; path = ../../../../Downloads/PhantomFromSpace.mp3; sourceTree = "<group>"; };
/* End PBXFileReference section */

/* Begin PBXFrameworksBuildPhase section */
		09CCC18324672D0100F3ADD8 /* Frameworks */ = {
			isa = PBXFrameworksBuildPhase;
			buildActionMask = 2147483647;
			files = (
			);
			runOnlyForDeploymentPostprocessing = 0;
		};
/* End PBXFrameworksBuildPhase section */

/* Begin PBXGroup section */
		09CCC17D24672D0100F3ADD8 = {
			isa = PBXGroup;
			children = (
				09CCC18824672D0100F3ADD8 /* SWIFTUI P5 */,
				09CCC18724672D0100F3ADD8 /* Products */,
			);
			sourceTree = "<group>";
		};
		09CCC18724672D0100F3ADD8 /* Products */ = {
			isa = PBXGroup;
			children = (
				09CCC18624672D0100F3ADD8 /* SWIFTUI P5.app */,
			);
			name = Products;
			sourceTree = "<group>";
		};
		09CCC18824672D0100F3ADD8 /* SWIFTUI P5 */ = {
			isa = PBXGroup;
			children = (
				09CCC18924672D0100F3ADD8 /* AppDelegate.swift */,
				09CCC18B24672D0100F3ADD8 /* SceneDelegate.swift */,
				09CCC18D24672D0100F3ADD8 /* TicTacToeView.swift */,
				09CCC19F2468291C00F3ADD8 /* PhantomFromSpace.mp3 */,
				09CCC18F24672D0300F3ADD8 /* Assets.xcassets */,
				09CCC19424672D0300F3ADD8 /* LaunchScreen.storyboard */,
				09CCC19724672D0300F3ADD8 /* Info.plist */,
				09CCC19124672D0300F3ADD8 /* Preview Content */,
			);
			path = "SWIFTUI P5";
			sourceTree = "<group>";
		};
		09CCC19124672D0300F3ADD8 /* Preview Content */ = {
			isa = PBXGroup;
			children = (
				09CCC19224672D0300F3ADD8 /* Preview Assets.xcassets */,
			);
			path = "Preview Content";
			sourceTree = "<group>";
		};
/* End PBXGroup section */

/* Begin PBXNativeTarget section */
		09CCC18524672D0100F3ADD8 /* SWIFTUI P5 */ = {
			isa = PBXNativeTarget;
			buildConfigurationList = 09CCC19A24672D0300F3ADD8 /* Build configuration list for PBXNativeTarget "SWIFTUI P5" */;
			buildPhases = (
				09CCC18224672D0100F3ADD8 /* Sources */,
				09CCC18324672D0100F3ADD8 /* Frameworks */,
				09CCC18424672D0100F3ADD8 /* Resources */,
			);
			buildRules = (
			);
			dependencies = (
			);
			name = "SWIFTUI P5";
			productName = "SWIFTUI P5";
			productReference = 09CCC18624672D0100F3ADD8 /* SWIFTUI P5.app */;
			productType = "com.apple.product-type.application";
		};
/* End PBXNativeTarget section */

/* Begin PBXProject section */
		09CCC17E24672D0100F3ADD8 /* Project object */ = {
			isa = PBXProject;
			attributes = {
				LastSwiftUpdateCheck = 1140;
				LastUpgradeCheck = 1140;
				ORGANIZATIONNAME = "MOHD ALARBASH";
				TargetAttributes = {
					09CCC18524672D0100F3ADD8 = {
						CreatedOnToolsVersion = 11.4.1;
					};
				};
			};
			buildConfigurationList = 09CCC18124672D0100F3ADD8 /* Build configuration list for PBXProject "SWIFTUI P5" */;
			compatibilityVersion = "Xcode 9.3";
			developmentRegion = en;
			hasScannedForEncodings = 0;
			knownRegions = (
				en,
				Base,
			);
			mainGroup = 09CCC17D24672D0100F3ADD8;
			productRefGroup = 09CCC18724672D0100F3ADD8 /* Products */;
			projectDirPath = "";
			projectRoot = "";
			targets = (
				09CCC18524672D0100F3ADD8 /* SWIFTUI P5 */,
			);
		};
/* End PBXProject section */

/* Begin PBXResourcesBuildPhase section */
		09CCC18424672D0100F3ADD8 /* Resources */ = {
			isa = PBXResourcesBuildPhase;
			buildActionMask = 2147483647;
			files = (
				09CCC19624672D0300F3ADD8 /* LaunchScreen.storyboard in Resources */,
				09CCC1A02468291C00F3ADD8 /* PhantomFromSpace.mp3 in Resources */,
				09CCC19324672D0300F3ADD8 /* Preview Assets.xcassets in Resources */,
				09CCC19024672D0300F3ADD8 /* Assets.xcassets in Resources */,
			);
			runOnlyForDeploymentPostprocessing = 0;
		};
/* End PBXResourcesBuildPhase section */

/* Begin PBXSourcesBuildPhase section */
		09CCC18224672D0100F3ADD8 /* Sources */ = {
			isa = PBXSourcesBuildPhase;
			buildActionMask = 2147483647;
			files = (
				09CCC18A24672D0100F3ADD8 /* AppDelegate.swift in Sources */,
				09CCC18C24672D0100F3ADD8 /* SceneDelegate.swift in Sources */,
				09CCC18E24672D0100F3ADD8 /* TicTacToeView.swift in Sources */,
			);
			runOnlyForDeploymentPostprocessing = 0;
		};
/* End PBXSourcesBuildPhase section */

/* Begin PBXVariantGroup section */
		09CCC19424672D0300F3ADD8 /* LaunchScreen.storyboard */ = {
			isa = PBXVariantGroup;
			children = (
				09CCC19524672D0300F3ADD8 /* Base */,
			);
			name = LaunchScreen.storyboard;
			sourceTree = "<group>";
		};
/* End PBXVariantGroup section */

/* Begin XCBuildConfiguration section */
		09CCC19824672D0300F3ADD8 /* Debug */ = {
			isa = XCBuildConfiguration;
			buildSettings = {
				ALWAYS_SEARCH_USER_PATHS = NO;
				CLANG_ANALYZER_NONNULL = YES;
				CLANG_ANALYZER_NUMBER_OBJECT_CONVERSION = YES_AGGRESSIVE;
				CLANG_CXX_LANGUAGE_STANDARD = "gnu++14";
				CLANG_CXX_LIBRARY = "libc++";
				CLANG_ENABLE_MODULES = YES;
				CLANG_ENABLE_OBJC_ARC = YES;
				CLANG_ENABLE_OBJC_WEAK = YES;
				CLANG_WARN_BLOCK_CAPTURE_AUTORELEASING = YES;
				CLANG_WARN_BOOL_CONVERSION = YES;
				CLANG_WARN_COMMA = YES;
				CLANG_WARN_CONSTANT_CONVERSION = YES;
				CLANG_WARN_DEPRECATED_OBJC_IMPLEMENTATIONS = YES;
				CLANG_WARN_DIRECT_OBJC_ISA_USAGE = YES_ERROR;
				CLANG_WARN_DOCUMENTATION_COMMENTS = YES;
				CLANG_WARN_EMPTY_BODY = YES;
				CLANG_WARN_ENUM_CONVERSION = YES;
				CLANG_WARN_INFINITE_RECURSION = YES;
				CLANG_WARN_INT_CONVERSION = YES;
				CLANG_WARN_NON_LITERAL_NULL_CONVERSION = YES;
				CLANG_WARN_OBJC_IMPLICIT_RETAIN_SELF = YES;
				CLANG_WARN_OBJC_LITERAL_CONVERSION = YES;
				CLANG_WARN_OBJC_ROOT_CLASS = YES_ERROR;
				CLANG_WARN_RANGE_LOOP_ANALYSIS = YES;
				CLANG_WARN_STRICT_PROTOTYPES = YES;
				CLANG_WARN_SUSPICIOUS_MOVE = YES;
				CLANG_WARN_UNGUARDED_AVAILABILITY = YES_AGGRESSIVE;
				CLANG_WARN_UNREACHABLE_CODE = YES;
				CLANG_WARN__DUPLICATE_METHOD_MATCH = YES;
				COPY_PHASE_STRIP = NO;
				DEBUG_INFORMATION_FORMAT = dwarf;
				ENABLE_STRICT_OBJC_MSGSEND = YES;
				ENABLE_TESTABILITY = YES;
				GCC_C_LANGUAGE_STANDARD = gnu11;
				GCC_DYNAMIC_NO_PIC = NO;
				GCC_NO_COMMON_BLOCKS = YES;
				GCC_OPTIMIZATION_LEVEL = 0;
				GCC_PREPROCESSOR_DEFINITIONS = (
					"DEBUG=1",
					"$(inherited)",
				);
				GCC_WARN_64_TO_32_BIT_CONVERSION = YES;
				GCC_WARN_ABOUT_RETURN_TYPE = YES_ERROR;
				GCC_WARN_UNDECLARED_SELECTOR = YES;
				GCC_WARN_UNINITIALIZED_AUTOS = YES_AGGRESSIVE;
				GCC_WARN_UNUSED_FUNCTION = YES;
				GCC_WARN_UNUSED_VARIABLE = YES;
				IPHONEOS_DEPLOYMENT_TARGET = 13.4;
				MTL_ENABLE_DEBUG_INFO = INCLUDE_SOURCE;
				MTL_FAST_MATH = YES;
				ONLY_ACTIVE_ARCH = YES;
				SDKROOT = iphoneos;
				SWIFT_ACTIVE_COMPILATION_CONDITIONS = DEBUG;
				SWIFT_OPTIMIZATION_LEVEL = "-Onone";
			};
			name = Debug;
		};
		09CCC19924672D0300F3ADD8 /* Release */ = {
			isa = XCBuildConfiguration;
			buildSettings = {
				ALWAYS_SEARCH_USER_PATHS = NO;
				CLANG_ANALYZER_NONNULL = YES;
				CLANG_ANALYZER_NUMBER_OBJECT_CONVERSION = YES_AGGRESSIVE;
				CLANG_CXX_LANGUAGE_STANDARD = "gnu++14";
				CLANG_CXX_LIBRARY = "libc++";
				CLANG_ENABLE_MODULES = YES;
				CLANG_ENABLE_OBJC_ARC = YES;
				CLANG_ENABLE_OBJC_WEAK = YES;
				CLANG_WARN_BLOCK_CAPTURE_AUTORELEASING = YES;
				CLANG_WARN_BOOL_CONVERSION = YES;
				CLANG_WARN_COMMA = YES;
				CLANG_WARN_CONSTANT_CONVERSION = YES;
				CLANG_WARN_DEPRECATED_OBJC_IMPLEMENTATIONS = YES;
				CLANG_WARN_DIRECT_OBJC_ISA_USAGE = YES_ERROR;
				CLANG_WARN_DOCUMENTATION_COMMENTS = YES;
				CLANG_WARN_EMPTY_BODY = YES;
				CLANG_WARN_ENUM_CONVERSION = YES;
				CLANG_WARN_INFINITE_RECURSION = YES;
				CLANG_WARN_INT_CONVERSION = YES;
				CLANG_WARN_NON_LITERAL_NULL_CONVERSION = YES;
				CLANG_WARN_OBJC_IMPLICIT_RETAIN_SELF = YES;
				CLANG_WARN_OBJC_LITERAL_CONVERSION = YES;
				CLANG_WARN_OBJC_ROOT_CLASS = YES_ERROR;
				CLANG_WARN_RANGE_LOOP_ANALYSIS = YES;
				CLANG_WARN_STRICT_PROTOTYPES = YES;
				CLANG_WARN_SUSPICIOUS_MOVE = YES;
				CLANG_WARN_UNGUARDED_AVAILABILITY = YES_AGGRESSIVE;
				CLANG_WARN_UNREACHABLE_CODE = YES;
				CLANG_WARN__DUPLICATE_METHOD_MATCH = YES;
				COPY_PHASE_STRIP = NO;
				DEBUG_INFORMATION_FORMAT = "dwarf-with-dsym";
				ENABLE_NS_ASSERTIONS = NO;
				ENABLE_STRICT_OBJC_MSGSEND = YES;
				GCC_C_LANGUAGE_STANDARD = gnu11;
				GCC_NO_COMMON_BLOCKS = YES;
				GCC_WARN_64_TO_32_BIT_CONVERSION = YES;
				GCC_WARN_ABOUT_RETURN_TYPE = YES_ERROR;
				GCC_WARN_UNDECLARED_SELECTOR = YES;
				GCC_WARN_UNINITIALIZED_AUTOS = YES_AGGRESSIVE;
				GCC_WARN_UNUSED_FUNCTION = YES;
				GCC_WARN_UNUSED_VARIABLE = YES;
				IPHONEOS_DEPLOYMENT_TARGET = 13.4;
				MTL_ENABLE_DEBUG_INFO = NO;
				MTL_FAST_MATH = YES;
				SDKROOT = iphoneos;
				SWIFT_COMPILATION_MODE = wholemodule;
				SWIFT_OPTIMIZATION_LEVEL = "-O";
				VALIDATE_PRODUCT = YES;
			};
			name = Release;
		};
		09CCC19B24672D0300F3ADD8 /* Debug */ = {
			isa = XCBuildConfiguration;
			buildSettings = {
				ASSETCATALOG_COMPILER_APPICON_NAME = AppIcon;
				CODE_SIGN_STYLE = Automatic;
				DEVELOPMENT_ASSET_PATHS = "\"SWIFTUI P5/Preview Content\"";
				DEVELOPMENT_TEAM = L7HH243N6G;
				ENABLE_PREVIEWS = YES;
				INFOPLIST_FILE = "SWIFTUI P5/Info.plist";
				LD_RUNPATH_SEARCH_PATHS = (
					"$(inherited)",
					"@executable_path/Frameworks",
				);
				PRODUCT_BUNDLE_IDENTIFIER = "com.arbash.SWIFTUI-P5";
				PRODUCT_NAME = "$(TARGET_NAME)";
				SWIFT_VERSION = 5.0;
				TARGETED_DEVICE_FAMILY = "1,2";
			};
			name = Debug;
		};
		09CCC19C24672D0300F3ADD8 /* Release */ = {
			isa = XCBuildConfiguration;
			buildSettings = {
				ASSETCATALOG_COMPILER_APPICON_NAME = AppIcon;
				CODE_SIGN_STYLE = Automatic;
				DEVELOPMENT_ASSET_PATHS = "\"SWIFTUI P5/Preview Content\"";
				DEVELOPMENT_TEAM = L7HH243N6G;
				ENABLE_PREVIEWS = YES;
				INFOPLIST_FILE = "SWIFTUI P5/Info.plist";
				LD_RUNPATH_SEARCH_PATHS = (
					"$(inherited)",
					"@executable_path/Frameworks",
				);
				PRODUCT_BUNDLE_IDENTIFIER = "com.arbash.SWIFTUI-P5";
				PRODUCT_NAME = "$(TARGET_NAME)";
				SWIFT_VERSION = 5.0;
				TARGETED_DEVICE_FAMILY = "1,2";
			};
			name = Release;
		};
/* End XCBuildConfiguration section */

/* Begin XCConfigurationList section */
		09CCC18124672D0100F3ADD8 /* Build configuration list for PBXProject "SWIFTUI P5" */ = {
			isa = XCConfigurationList;
			buildConfigurations = (
				09CCC19824672D0300F3ADD8 /* Debug */,
				09CCC19924672D0300F3ADD8 /* Release */,
			);
			defaultConfigurationIsVisible = 0;
			defaultConfigurationName = Release;
		};
		09CCC19A24672D0300F3ADD8 /* Build configuration list for PBXNativeTarget "SWIFTUI P5" */ = {
			isa = XCConfigurationList;
			buildConfigurations = (
				09CCC19B24672D0300F3ADD8 /* Debug */,
				09CCC19C24672D0300F3ADD8 /* Release */,
			);
			defaultConfigurationIsVisible = 0;
			defaultConfigurationName = Release;
		};
/* End XCConfigurationList section */
	};
	rootObject = 09CCC17E24672D0100F3ADD8 /* Project object */;
}
